// !$*UTF8*$!
{
	archiveVersion = 1;
	classes = {
	};
	objectVersion = 46;
	objects = {

/* Begin PBXBuildFile section */
		3403188E218001E2003370A7 /* CMRouterHandler.m in Sources */ = {isa = PBXBuildFile; fileRef = 3403188D218001E2003370A7 /* CMRouterHandler.m */; };
		3403189121801F8E003370A7 /* CMRouterTask.m in Sources */ = {isa = PBXBuildFile; fileRef = 3403189021801F8E003370A7 /* CMRouterTask.m */; };
		3403189321804529003370A7 /* url.plist in Resources */ = {isa = PBXBuildFile; fileRef = 3403189221804529003370A7 /* url.plist */; };
		342C0C66217F015400227D24 /* CMDispatchMessageManager.m in Sources */ = {isa = PBXBuildFile; fileRef = 342C0C64217F015400227D24 /* CMDispatchMessageManager.m */; };
		342C0C71217F21BD00227D24 /* CMRouterManager.m in Sources */ = {isa = PBXBuildFile; fileRef = 342C0C6F217F21BD00227D24 /* CMRouterManager.m */; };
		342C0C77217F23CB00227D24 /* CMRouterNavigator.m in Sources */ = {isa = PBXBuildFile; fileRef = 342C0C76217F23CB00227D24 /* CMRouterNavigator.m */; };
		342C0C7A217F265100227D24 /* CMRouterPresentor.m in Sources */ = {isa = PBXBuildFile; fileRef = 342C0C79217F265100227D24 /* CMRouterPresentor.m */; };
		34E0A6632186EF7100791B1C /* CMRouterStorage.m in Sources */ = {isa = PBXBuildFile; fileRef = 34E0A6622186EF7100791B1C /* CMRouterStorage.m */; };
		34E0A667218719AE00791B1C /* TSViewController1.m in Sources */ = {isa = PBXBuildFile; fileRef = 34E0A665218719AE00791B1C /* TSViewController1.m */; };
		34E0A668218719AE00791B1C /* TSViewController1.xib in Resources */ = {isa = PBXBuildFile; fileRef = 34E0A666218719AE00791B1C /* TSViewController1.xib */; };
		34E93398217D9C3B002D37B9 /* CMStringManager.m in Sources */ = {isa = PBXBuildFile; fileRef = 34E93397217D9C3B002D37B9 /* CMStringManager.m */; };
		F2055ABA1E2CAF1C00ABF746 /* shakeMusic.wav in Resources */ = {isa = PBXBuildFile; fileRef = F2055AB91E2CAF1C00ABF746 /* shakeMusic.wav */; };
		F2055ABF1E2CAFFF00ABF746 /* qrcode_found.wav in Resources */ = {isa = PBXBuildFile; fileRef = F2055ABE1E2CAFFF00ABF746 /* qrcode_found.wav */; };
		F21072201E6E617F00D7695D /* CMCameraManger.m in Sources */ = {isa = PBXBuildFile; fileRef = F210720F1E6E617F00D7695D /* CMCameraManger.m */; };
		F21072211E6E617F00D7695D /* CMKeyboardManager.m in Sources */ = {isa = PBXBuildFile; fileRef = F21072111E6E617F00D7695D /* CMKeyboardManager.m */; };
		F21072221E6E617F00D7695D /* CMLoginRegisterManager.m in Sources */ = {isa = PBXBuildFile; fileRef = F21072131E6E617F00D7695D /* CMLoginRegisterManager.m */; };
		F21072231E6E617F00D7695D /* CMPushManager.m in Sources */ = {isa = PBXBuildFile; fileRef = F21072151E6E617F00D7695D /* CMPushManager.m */; };
		F21072241E6E617F00D7695D /* CMQRCodeManager.m in Sources */ = {isa = PBXBuildFile; fileRef = F21072171E6E617F00D7695D /* CMQRCodeManager.m */; };
		F21072251E6E617F00D7695D /* CMScanQRCodeManager.m in Sources */ = {isa = PBXBuildFile; fileRef = F21072191E6E617F00D7695D /* CMScanQRCodeManager.m */; };
		F21072261E6E617F00D7695D /* CMShowHUDManager.m in Sources */ = {isa = PBXBuildFile; fileRef = F210721B1E6E617F00D7695D /* CMShowHUDManager.m */; };
		F21072271E6E617F00D7695D /* CMTimerManager.m in Sources */ = {isa = PBXBuildFile; fileRef = F210721D1E6E617F00D7695D /* CMTimerManager.m */; };
		F21072281E6E617F00D7695D /* CMViewControllerManager.m in Sources */ = {isa = PBXBuildFile; fileRef = F210721F1E6E617F00D7695D /* CMViewControllerManager.m */; };
		F210722B1E6E61D700D7695D /* CMImageManager.m in Sources */ = {isa = PBXBuildFile; fileRef = F210722A1E6E61D700D7695D /* CMImageManager.m */; };
		F2618B2E1DF2BA6500CB0605 /* main.m in Sources */ = {isa = PBXBuildFile; fileRef = F2618B2D1DF2BA6500CB0605 /* main.m */; };
		F2618B311DF2BA6500CB0605 /* AppDelegate.m in Sources */ = {isa = PBXBuildFile; fileRef = F2618B301DF2BA6500CB0605 /* AppDelegate.m */; };
		F2618B341DF2BA6500CB0605 /* ViewController.m in Sources */ = {isa = PBXBuildFile; fileRef = F2618B331DF2BA6500CB0605 /* ViewController.m */; };
		F2618B371DF2BA6500CB0605 /* Main.storyboard in Resources */ = {isa = PBXBuildFile; fileRef = F2618B351DF2BA6500CB0605 /* Main.storyboard */; };
		F2618B391DF2BA6500CB0605 /* Assets.xcassets in Resources */ = {isa = PBXBuildFile; fileRef = F2618B381DF2BA6500CB0605 /* Assets.xcassets */; };
		F2618B3C1DF2BA6500CB0605 /* LaunchScreen.storyboard in Resources */ = {isa = PBXBuildFile; fileRef = F2618B3A1DF2BA6500CB0605 /* LaunchScreen.storyboard */; };
		F2618C1D1DF2C2DB00CB0605 /* AFHTTPSessionManager.m in Sources */ = {isa = PBXBuildFile; fileRef = F2618BC41DF2C2DB00CB0605 /* AFHTTPSessionManager.m */; };
		F2618C1E1DF2C2DB00CB0605 /* AFNetworkReachabilityManager.m in Sources */ = {isa = PBXBuildFile; fileRef = F2618BC71DF2C2DB00CB0605 /* AFNetworkReachabilityManager.m */; };
		F2618C1F1DF2C2DB00CB0605 /* AFSecurityPolicy.m in Sources */ = {isa = PBXBuildFile; fileRef = F2618BC91DF2C2DB00CB0605 /* AFSecurityPolicy.m */; };
		F2618C201DF2C2DB00CB0605 /* AFURLRequestSerialization.m in Sources */ = {isa = PBXBuildFile; fileRef = F2618BCB1DF2C2DB00CB0605 /* AFURLRequestSerialization.m */; };
		F2618C211DF2C2DB00CB0605 /* AFURLResponseSerialization.m in Sources */ = {isa = PBXBuildFile; fileRef = F2618BCD1DF2C2DB00CB0605 /* AFURLResponseSerialization.m */; };
		F2618C221DF2C2DB00CB0605 /* AFURLSessionManager.m in Sources */ = {isa = PBXBuildFile; fileRef = F2618BCF1DF2C2DB00CB0605 /* AFURLSessionManager.m */; };
		F2618C251DF2C2DB00CB0605 /* AFAutoPurgingImageCache.m in Sources */ = {isa = PBXBuildFile; fileRef = F2618BD41DF2C2DB00CB0605 /* AFAutoPurgingImageCache.m */; };
		F2618C261DF2C2DB00CB0605 /* AFImageDownloader.m in Sources */ = {isa = PBXBuildFile; fileRef = F2618BD61DF2C2DB00CB0605 /* AFImageDownloader.m */; };
		F2618C271DF2C2DB00CB0605 /* AFNetworkActivityIndicatorManager.m in Sources */ = {isa = PBXBuildFile; fileRef = F2618BD81DF2C2DB00CB0605 /* AFNetworkActivityIndicatorManager.m */; };
		F2618C281DF2C2DB00CB0605 /* UIActivityIndicatorView+AFNetworking.m in Sources */ = {isa = PBXBuildFile; fileRef = F2618BDA1DF2C2DB00CB0605 /* UIActivityIndicatorView+AFNetworking.m */; };
		F2618C291DF2C2DB00CB0605 /* UIButton+AFNetworking.m in Sources */ = {isa = PBXBuildFile; fileRef = F2618BDC1DF2C2DB00CB0605 /* UIButton+AFNetworking.m */; };
		F2618C2A1DF2C2DB00CB0605 /* UIImageView+AFNetworking.m in Sources */ = {isa = PBXBuildFile; fileRef = F2618BDF1DF2C2DB00CB0605 /* UIImageView+AFNetworking.m */; };
		F2618C2B1DF2C2DB00CB0605 /* UIProgressView+AFNetworking.m in Sources */ = {isa = PBXBuildFile; fileRef = F2618BE21DF2C2DB00CB0605 /* UIProgressView+AFNetworking.m */; };
		F2618C2C1DF2C2DB00CB0605 /* UIRefreshControl+AFNetworking.m in Sources */ = {isa = PBXBuildFile; fileRef = F2618BE41DF2C2DB00CB0605 /* UIRefreshControl+AFNetworking.m */; };
		F2618C2D1DF2C2DB00CB0605 /* UIWebView+AFNetworking.m in Sources */ = {isa = PBXBuildFile; fileRef = F2618BE61DF2C2DB00CB0605 /* UIWebView+AFNetworking.m */; };
		F2618C301DF2C2DB00CB0605 /* FMDatabase.m in Sources */ = {isa = PBXBuildFile; fileRef = F2618BED1DF2C2DB00CB0605 /* FMDatabase.m */; };
		F2618C311DF2C2DB00CB0605 /* FMDatabaseAdditions.m in Sources */ = {isa = PBXBuildFile; fileRef = F2618BEF1DF2C2DB00CB0605 /* FMDatabaseAdditions.m */; };
		F2618C321DF2C2DB00CB0605 /* FMDatabasePool.m in Sources */ = {isa = PBXBuildFile; fileRef = F2618BF11DF2C2DB00CB0605 /* FMDatabasePool.m */; };
		F2618C331DF2C2DB00CB0605 /* FMDatabaseQueue.m in Sources */ = {isa = PBXBuildFile; fileRef = F2618BF31DF2C2DB00CB0605 /* FMDatabaseQueue.m */; };
		F2618C341DF2C2DB00CB0605 /* FMResultSet.m in Sources */ = {isa = PBXBuildFile; fileRef = F2618BF61DF2C2DB00CB0605 /* FMResultSet.m */; };
		F2618C361DF2C2DB00CB0605 /* MBProgressHUD.m in Sources */ = {isa = PBXBuildFile; fileRef = F2618BFA1DF2C2DB00CB0605 /* MBProgressHUD.m */; };
		F2618C3A1DF2C2DB00CB0605 /* NSData+ImageContentType.m in Sources */ = {isa = PBXBuildFile; fileRef = F2618C011DF2C2DB00CB0605 /* NSData+ImageContentType.m */; };
		F2618C3B1DF2C2DB00CB0605 /* SDImageCache.m in Sources */ = {isa = PBXBuildFile; fileRef = F2618C031DF2C2DB00CB0605 /* SDImageCache.m */; };
		F2618C3C1DF2C2DB00CB0605 /* SDWebImageCompat.m in Sources */ = {isa = PBXBuildFile; fileRef = F2618C051DF2C2DB00CB0605 /* SDWebImageCompat.m */; };
		F2618C3D1DF2C2DB00CB0605 /* SDWebImageDecoder.m in Sources */ = {isa = PBXBuildFile; fileRef = F2618C071DF2C2DB00CB0605 /* SDWebImageDecoder.m */; };
		F2618C3E1DF2C2DB00CB0605 /* SDWebImageDownloader.m in Sources */ = {isa = PBXBuildFile; fileRef = F2618C091DF2C2DB00CB0605 /* SDWebImageDownloader.m */; };
		F2618C3F1DF2C2DB00CB0605 /* SDWebImageDownloaderOperation.m in Sources */ = {isa = PBXBuildFile; fileRef = F2618C0B1DF2C2DB00CB0605 /* SDWebImageDownloaderOperation.m */; };
		F2618C401DF2C2DB00CB0605 /* SDWebImageManager.m in Sources */ = {isa = PBXBuildFile; fileRef = F2618C0D1DF2C2DB00CB0605 /* SDWebImageManager.m */; };
		F2618C411DF2C2DB00CB0605 /* SDWebImagePrefetcher.m in Sources */ = {isa = PBXBuildFile; fileRef = F2618C101DF2C2DB00CB0605 /* SDWebImagePrefetcher.m */; };
		F2618C421DF2C2DB00CB0605 /* UIButton+WebCache.m in Sources */ = {isa = PBXBuildFile; fileRef = F2618C121DF2C2DB00CB0605 /* UIButton+WebCache.m */; };
		F2618C431DF2C2DB00CB0605 /* UIImage+GIF.m in Sources */ = {isa = PBXBuildFile; fileRef = F2618C141DF2C2DB00CB0605 /* UIImage+GIF.m */; };
		F2618C441DF2C2DB00CB0605 /* UIImage+MultiFormat.m in Sources */ = {isa = PBXBuildFile; fileRef = F2618C161DF2C2DB00CB0605 /* UIImage+MultiFormat.m */; };
		F2618C451DF2C2DB00CB0605 /* UIImageView+HighlightedWebCache.m in Sources */ = {isa = PBXBuildFile; fileRef = F2618C181DF2C2DB00CB0605 /* UIImageView+HighlightedWebCache.m */; };
		F2618C461DF2C2DB00CB0605 /* UIImageView+WebCache.m in Sources */ = {isa = PBXBuildFile; fileRef = F2618C1A1DF2C2DB00CB0605 /* UIImageView+WebCache.m */; };
		F2618C471DF2C2DB00CB0605 /* UIView+WebCacheOperation.m in Sources */ = {isa = PBXBuildFile; fileRef = F2618C1C1DF2C2DB00CB0605 /* UIView+WebCacheOperation.m */; };
		F2618C4A1DF2EADF00CB0605 /* libsqlite3.0.tbd in Frameworks */ = {isa = PBXBuildFile; fileRef = F2618C491DF2EADF00CB0605 /* libsqlite3.0.tbd */; };
		F26881741EAD077200582C27 /* CMShareManager.m in Sources */ = {isa = PBXBuildFile; fileRef = F26881731EAD077200582C27 /* CMShareManager.m */; };
		F268818F1EAD07AC00582C27 /* libSocialQQ.a in Frameworks */ = {isa = PBXBuildFile; fileRef = F26881781EAD07AC00582C27 /* libSocialQQ.a */; };
		F26881901EAD07AC00582C27 /* libSocialSina.a in Frameworks */ = {isa = PBXBuildFile; fileRef = F268817B1EAD07AC00582C27 /* libSocialSina.a */; };
		F26881911EAD07AC00582C27 /* libSocialWeChat.a in Frameworks */ = {isa = PBXBuildFile; fileRef = F268817E1EAD07AC00582C27 /* libSocialWeChat.a */; };
		F26881921EAD07AC00582C27 /* libWeChatSDK.a in Frameworks */ = {isa = PBXBuildFile; fileRef = F26881811EAD07AC00582C27 /* libWeChatSDK.a */; };
		F26881931EAD07AC00582C27 /* README.txt in Resources */ = {isa = PBXBuildFile; fileRef = F26881821EAD07AC00582C27 /* README.txt */; };
		F26881941EAD07AC00582C27 /* UMSocialCore.framework in Frameworks */ = {isa = PBXBuildFile; fileRef = F26881871EAD07AC00582C27 /* UMSocialCore.framework */; };
		F26881951EAD07AC00582C27 /* UMSocialNetwork.framework in Frameworks */ = {isa = PBXBuildFile; fileRef = F26881881EAD07AC00582C27 /* UMSocialNetwork.framework */; };
		F26881961EAD07AC00582C27 /* UMSocialSDKPromptResources.bundle in Resources */ = {isa = PBXBuildFile; fileRef = F26881891EAD07AC00582C27 /* UMSocialSDKPromptResources.bundle */; };
		F26881971EAD07AC00582C27 /* libUMSocialLog.a in Frameworks */ = {isa = PBXBuildFile; fileRef = F268818B1EAD07AC00582C27 /* libUMSocialLog.a */; };
		F26881981EAD07AC00582C27 /* UMSocialSDKResources.bundle in Resources */ = {isa = PBXBuildFile; fileRef = F268818D1EAD07AC00582C27 /* UMSocialSDKResources.bundle */; };
		F26881991EAD07AC00582C27 /* UShareUI.framework in Frameworks */ = {isa = PBXBuildFile; fileRef = F268818E1EAD07AC00582C27 /* UShareUI.framework */; };
/* End PBXBuildFile section */

/* Begin PBXFileReference section */
		3403188C218001E2003370A7 /* CMRouterHandler.h */ = {isa = PBXFileReference; lastKnownFileType = sourcecode.c.h; path = CMRouterHandler.h; sourceTree = "<group>"; };
		3403188D218001E2003370A7 /* CMRouterHandler.m */ = {isa = PBXFileReference; lastKnownFileType = sourcecode.c.objc; path = CMRouterHandler.m; sourceTree = "<group>"; };
		3403188F21801F8E003370A7 /* CMRouterTask.h */ = {isa = PBXFileReference; lastKnownFileType = sourcecode.c.h; path = CMRouterTask.h; sourceTree = "<group>"; };
		3403189021801F8E003370A7 /* CMRouterTask.m */ = {isa = PBXFileReference; lastKnownFileType = sourcecode.c.objc; path = CMRouterTask.m; sourceTree = "<group>"; };
		3403189221804529003370A7 /* url.plist */ = {isa = PBXFileReference; lastKnownFileType = text.plist.xml; path = url.plist; sourceTree = "<group>"; };
		342C0C64217F015400227D24 /* CMDispatchMessageManager.m */ = {isa = PBXFileReference; fileEncoding = 4; lastKnownFileType = sourcecode.c.objc; path = CMDispatchMessageManager.m; sourceTree = "<group>"; };
		342C0C65217F015400227D24 /* CMDispatchMessageManager.h */ = {isa = PBXFileReference; fileEncoding = 4; lastKnownFileType = sourcecode.c.h; path = CMDispatchMessageManager.h; sourceTree = "<group>"; };
		342C0C6F217F21BD00227D24 /* CMRouterManager.m */ = {isa = PBXFileReference; fileEncoding = 4; lastKnownFileType = sourcecode.c.objc; path = CMRouterManager.m; sourceTree = "<group>"; };
		342C0C70217F21BD00227D24 /* CMRouterManager.h */ = {isa = PBXFileReference; fileEncoding = 4; lastKnownFileType = sourcecode.c.h; path = CMRouterManager.h; sourceTree = "<group>"; };
		342C0C75217F23CA00227D24 /* CMRouterNavigator.h */ = {isa = PBXFileReference; lastKnownFileType = sourcecode.c.h; path = CMRouterNavigator.h; sourceTree = "<group>"; };
		342C0C76217F23CB00227D24 /* CMRouterNavigator.m */ = {isa = PBXFileReference; lastKnownFileType = sourcecode.c.objc; path = CMRouterNavigator.m; sourceTree = "<group>"; };
		342C0C78217F265100227D24 /* CMRouterPresentor.h */ = {isa = PBXFileReference; lastKnownFileType = sourcecode.c.h; path = CMRouterPresentor.h; sourceTree = "<group>"; };
		342C0C79217F265100227D24 /* CMRouterPresentor.m */ = {isa = PBXFileReference; lastKnownFileType = sourcecode.c.objc; path = CMRouterPresentor.m; sourceTree = "<group>"; };
		34E0A6612186EF7100791B1C /* CMRouterStorage.h */ = {isa = PBXFileReference; fileEncoding = 4; lastKnownFileType = sourcecode.c.h; path = CMRouterStorage.h; sourceTree = "<group>"; };
		34E0A6622186EF7100791B1C /* CMRouterStorage.m */ = {isa = PBXFileReference; fileEncoding = 4; lastKnownFileType = sourcecode.c.objc; path = CMRouterStorage.m; sourceTree = "<group>"; };
		34E0A664218719AE00791B1C /* TSViewController1.h */ = {isa = PBXFileReference; lastKnownFileType = sourcecode.c.h; path = TSViewController1.h; sourceTree = "<group>"; };
		34E0A665218719AE00791B1C /* TSViewController1.m */ = {isa = PBXFileReference; lastKnownFileType = sourcecode.c.objc; path = TSViewController1.m; sourceTree = "<group>"; };
		34E0A666218719AE00791B1C /* TSViewController1.xib */ = {isa = PBXFileReference; lastKnownFileType = file.xib; path = TSViewController1.xib; sourceTree = "<group>"; };
		34E93396217D9C3B002D37B9 /* CMStringManager.h */ = {isa = PBXFileReference; lastKnownFileType = sourcecode.c.h; path = CMStringManager.h; sourceTree = "<group>"; };
		34E93397217D9C3B002D37B9 /* CMStringManager.m */ = {isa = PBXFileReference; lastKnownFileType = sourcecode.c.objc; path = CMStringManager.m; sourceTree = "<group>"; };
		F2055AB91E2CAF1C00ABF746 /* shakeMusic.wav */ = {isa = PBXFileReference; lastKnownFileType = audio.wav; path = shakeMusic.wav; sourceTree = "<group>"; };
		F2055ABB1E2CAF5700ABF746 /* beep.ogg */ = {isa = PBXFileReference; lastKnownFileType = file; path = beep.ogg; sourceTree = "<group>"; };
		F2055ABE1E2CAFFF00ABF746 /* qrcode_found.wav */ = {isa = PBXFileReference; lastKnownFileType = audio.wav; path = qrcode_found.wav; sourceTree = "<group>"; };
		F210720E1E6E617F00D7695D /* CMCameraManger.h */ = {isa = PBXFileReference; fileEncoding = 4; lastKnownFileType = sourcecode.c.h; path = CMCameraManger.h; sourceTree = "<group>"; };
		F210720F1E6E617F00D7695D /* CMCameraManger.m */ = {isa = PBXFileReference; fileEncoding = 4; lastKnownFileType = sourcecode.c.objc; path = CMCameraManger.m; sourceTree = "<group>"; };
		F21072101E6E617F00D7695D /* CMKeyboardManager.h */ = {isa = PBXFileReference; fileEncoding = 4; lastKnownFileType = sourcecode.c.h; path = CMKeyboardManager.h; sourceTree = "<group>"; };
		F21072111E6E617F00D7695D /* CMKeyboardManager.m */ = {isa = PBXFileReference; fileEncoding = 4; lastKnownFileType = sourcecode.c.objc; path = CMKeyboardManager.m; sourceTree = "<group>"; };
		F21072121E6E617F00D7695D /* CMLoginRegisterManager.h */ = {isa = PBXFileReference; fileEncoding = 4; lastKnownFileType = sourcecode.c.h; path = CMLoginRegisterManager.h; sourceTree = "<group>"; };
		F21072131E6E617F00D7695D /* CMLoginRegisterManager.m */ = {isa = PBXFileReference; fileEncoding = 4; lastKnownFileType = sourcecode.c.objc; path = CMLoginRegisterManager.m; sourceTree = "<group>"; };
		F21072141E6E617F00D7695D /* CMPushManager.h */ = {isa = PBXFileReference; fileEncoding = 4; lastKnownFileType = sourcecode.c.h; path = CMPushManager.h; sourceTree = "<group>"; };
		F21072151E6E617F00D7695D /* CMPushManager.m */ = {isa = PBXFileReference; fileEncoding = 4; lastKnownFileType = sourcecode.c.objc; path = CMPushManager.m; sourceTree = "<group>"; };
		F21072161E6E617F00D7695D /* CMQRCodeManager.h */ = {isa = PBXFileReference; fileEncoding = 4; lastKnownFileType = sourcecode.c.h; path = CMQRCodeManager.h; sourceTree = "<group>"; };
		F21072171E6E617F00D7695D /* CMQRCodeManager.m */ = {isa = PBXFileReference; fileEncoding = 4; lastKnownFileType = sourcecode.c.objc; path = CMQRCodeManager.m; sourceTree = "<group>"; };
		F21072181E6E617F00D7695D /* CMScanQRCodeManager.h */ = {isa = PBXFileReference; fileEncoding = 4; lastKnownFileType = sourcecode.c.h; path = CMScanQRCodeManager.h; sourceTree = "<group>"; };
		F21072191E6E617F00D7695D /* CMScanQRCodeManager.m */ = {isa = PBXFileReference; fileEncoding = 4; lastKnownFileType = sourcecode.c.objc; path = CMScanQRCodeManager.m; sourceTree = "<group>"; };
		F210721A1E6E617F00D7695D /* CMShowHUDManager.h */ = {isa = PBXFileReference; fileEncoding = 4; lastKnownFileType = sourcecode.c.h; path = CMShowHUDManager.h; sourceTree = "<group>"; };
		F210721B1E6E617F00D7695D /* CMShowHUDManager.m */ = {isa = PBXFileReference; fileEncoding = 4; lastKnownFileType = sourcecode.c.objc; path = CMShowHUDManager.m; sourceTree = "<group>"; };
		F210721C1E6E617F00D7695D /* CMTimerManager.h */ = {isa = PBXFileReference; fileEncoding = 4; lastKnownFileType = sourcecode.c.h; path = CMTimerManager.h; sourceTree = "<group>"; };
		F210721D1E6E617F00D7695D /* CMTimerManager.m */ = {isa = PBXFileReference; fileEncoding = 4; lastKnownFileType = sourcecode.c.objc; path = CMTimerManager.m; sourceTree = "<group>"; };
		F210721E1E6E617F00D7695D /* CMViewControllerManager.h */ = {isa = PBXFileReference; fileEncoding = 4; lastKnownFileType = sourcecode.c.h; path = CMViewControllerManager.h; sourceTree = "<group>"; };
		F210721F1E6E617F00D7695D /* CMViewControllerManager.m */ = {isa = PBXFileReference; fileEncoding = 4; lastKnownFileType = sourcecode.c.objc; path = CMViewControllerManager.m; sourceTree = "<group>"; };
		F21072291E6E61D700D7695D /* CMImageManager.h */ = {isa = PBXFileReference; fileEncoding = 4; lastKnownFileType = sourcecode.c.h; path = CMImageManager.h; sourceTree = "<group>"; };
		F210722A1E6E61D700D7695D /* CMImageManager.m */ = {isa = PBXFileReference; fileEncoding = 4; lastKnownFileType = sourcecode.c.objc; path = CMImageManager.m; sourceTree = "<group>"; };
		F2618B291DF2BA6500CB0605 /* ComponentManager.app */ = {isa = PBXFileReference; explicitFileType = wrapper.application; includeInIndex = 0; path = ComponentManager.app; sourceTree = BUILT_PRODUCTS_DIR; };
		F2618B2D1DF2BA6500CB0605 /* main.m */ = {isa = PBXFileReference; lastKnownFileType = sourcecode.c.objc; path = main.m; sourceTree = "<group>"; };
		F2618B2F1DF2BA6500CB0605 /* AppDelegate.h */ = {isa = PBXFileReference; lastKnownFileType = sourcecode.c.h; path = AppDelegate.h; sourceTree = "<group>"; };
		F2618B301DF2BA6500CB0605 /* AppDelegate.m */ = {isa = PBXFileReference; lastKnownFileType = sourcecode.c.objc; path = AppDelegate.m; sourceTree = "<group>"; };
		F2618B321DF2BA6500CB0605 /* ViewController.h */ = {isa = PBXFileReference; lastKnownFileType = sourcecode.c.h; path = ViewController.h; sourceTree = "<group>"; };
		F2618B331DF2BA6500CB0605 /* ViewController.m */ = {isa = PBXFileReference; lastKnownFileType = sourcecode.c.objc; path = ViewController.m; sourceTree = "<group>"; };
		F2618B361DF2BA6500CB0605 /* Base */ = {isa = PBXFileReference; lastKnownFileType = file.storyboard; name = Base; path = Base.lproj/Main.storyboard; sourceTree = "<group>"; };
		F2618B381DF2BA6500CB0605 /* Assets.xcassets */ = {isa = PBXFileReference; lastKnownFileType = folder.assetcatalog; path = Assets.xcassets; sourceTree = "<group>"; };
		F2618B3B1DF2BA6500CB0605 /* Base */ = {isa = PBXFileReference; lastKnownFileType = file.storyboard; name = Base; path = Base.lproj/LaunchScreen.storyboard; sourceTree = "<group>"; };
		F2618B3D1DF2BA6500CB0605 /* Info.plist */ = {isa = PBXFileReference; lastKnownFileType = text.plist.xml; path = Info.plist; sourceTree = "<group>"; };
		F2618BC31DF2C2DB00CB0605 /* AFHTTPSessionManager.h */ = {isa = PBXFileReference; fileEncoding = 4; lastKnownFileType = sourcecode.c.h; path = AFHTTPSessionManager.h; sourceTree = "<group>"; };
		F2618BC41DF2C2DB00CB0605 /* AFHTTPSessionManager.m */ = {isa = PBXFileReference; fileEncoding = 4; lastKnownFileType = sourcecode.c.objc; path = AFHTTPSessionManager.m; sourceTree = "<group>"; };
		F2618BC51DF2C2DB00CB0605 /* AFNetworking.h */ = {isa = PBXFileReference; fileEncoding = 4; lastKnownFileType = sourcecode.c.h; path = AFNetworking.h; sourceTree = "<group>"; };
		F2618BC61DF2C2DB00CB0605 /* AFNetworkReachabilityManager.h */ = {isa = PBXFileReference; fileEncoding = 4; lastKnownFileType = sourcecode.c.h; path = AFNetworkReachabilityManager.h; sourceTree = "<group>"; };
		F2618BC71DF2C2DB00CB0605 /* AFNetworkReachabilityManager.m */ = {isa = PBXFileReference; fileEncoding = 4; lastKnownFileType = sourcecode.c.objc; path = AFNetworkReachabilityManager.m; sourceTree = "<group>"; };
		F2618BC81DF2C2DB00CB0605 /* AFSecurityPolicy.h */ = {isa = PBXFileReference; fileEncoding = 4; lastKnownFileType = sourcecode.c.h; path = AFSecurityPolicy.h; sourceTree = "<group>"; };
		F2618BC91DF2C2DB00CB0605 /* AFSecurityPolicy.m */ = {isa = PBXFileReference; fileEncoding = 4; lastKnownFileType = sourcecode.c.objc; path = AFSecurityPolicy.m; sourceTree = "<group>"; };
		F2618BCA1DF2C2DB00CB0605 /* AFURLRequestSerialization.h */ = {isa = PBXFileReference; fileEncoding = 4; lastKnownFileType = sourcecode.c.h; path = AFURLRequestSerialization.h; sourceTree = "<group>"; };
		F2618BCB1DF2C2DB00CB0605 /* AFURLRequestSerialization.m */ = {isa = PBXFileReference; fileEncoding = 4; lastKnownFileType = sourcecode.c.objc; path = AFURLRequestSerialization.m; sourceTree = "<group>"; };
		F2618BCC1DF2C2DB00CB0605 /* AFURLResponseSerialization.h */ = {isa = PBXFileReference; fileEncoding = 4; lastKnownFileType = sourcecode.c.h; path = AFURLResponseSerialization.h; sourceTree = "<group>"; };
		F2618BCD1DF2C2DB00CB0605 /* AFURLResponseSerialization.m */ = {isa = PBXFileReference; fileEncoding = 4; lastKnownFileType = sourcecode.c.objc; path = AFURLResponseSerialization.m; sourceTree = "<group>"; };
		F2618BCE1DF2C2DB00CB0605 /* AFURLSessionManager.h */ = {isa = PBXFileReference; fileEncoding = 4; lastKnownFileType = sourcecode.c.h; path = AFURLSessionManager.h; sourceTree = "<group>"; };
		F2618BCF1DF2C2DB00CB0605 /* AFURLSessionManager.m */ = {isa = PBXFileReference; fileEncoding = 4; lastKnownFileType = sourcecode.c.objc; path = AFURLSessionManager.m; sourceTree = "<group>"; };
		F2618BD31DF2C2DB00CB0605 /* AFAutoPurgingImageCache.h */ = {isa = PBXFileReference; fileEncoding = 4; lastKnownFileType = sourcecode.c.h; path = AFAutoPurgingImageCache.h; sourceTree = "<group>"; };
		F2618BD41DF2C2DB00CB0605 /* AFAutoPurgingImageCache.m */ = {isa = PBXFileReference; fileEncoding = 4; lastKnownFileType = sourcecode.c.objc; path = AFAutoPurgingImageCache.m; sourceTree = "<group>"; };
		F2618BD51DF2C2DB00CB0605 /* AFImageDownloader.h */ = {isa = PBXFileReference; fileEncoding = 4; lastKnownFileType = sourcecode.c.h; path = AFImageDownloader.h; sourceTree = "<group>"; };
		F2618BD61DF2C2DB00CB0605 /* AFImageDownloader.m */ = {isa = PBXFileReference; fileEncoding = 4; lastKnownFileType = sourcecode.c.objc; path = AFImageDownloader.m; sourceTree = "<group>"; };
		F2618BD71DF2C2DB00CB0605 /* AFNetworkActivityIndicatorManager.h */ = {isa = PBXFileReference; fileEncoding = 4; lastKnownFileType = sourcecode.c.h; path = AFNetworkActivityIndicatorManager.h; sourceTree = "<group>"; };
		F2618BD81DF2C2DB00CB0605 /* AFNetworkActivityIndicatorManager.m */ = {isa = PBXFileReference; fileEncoding = 4; lastKnownFileType = sourcecode.c.objc; path = AFNetworkActivityIndicatorManager.m; sourceTree = "<group>"; };
		F2618BD91DF2C2DB00CB0605 /* UIActivityIndicatorView+AFNetworking.h */ = {isa = PBXFileReference; fileEncoding = 4; lastKnownFileType = sourcecode.c.h; path = "UIActivityIndicatorView+AFNetworking.h"; sourceTree = "<group>"; };
		F2618BDA1DF2C2DB00CB0605 /* UIActivityIndicatorView+AFNetworking.m */ = {isa = PBXFileReference; fileEncoding = 4; lastKnownFileType = sourcecode.c.objc; path = "UIActivityIndicatorView+AFNetworking.m"; sourceTree = "<group>"; };
		F2618BDB1DF2C2DB00CB0605 /* UIButton+AFNetworking.h */ = {isa = PBXFileReference; fileEncoding = 4; lastKnownFileType = sourcecode.c.h; path = "UIButton+AFNetworking.h"; sourceTree = "<group>"; };
		F2618BDC1DF2C2DB00CB0605 /* UIButton+AFNetworking.m */ = {isa = PBXFileReference; fileEncoding = 4; lastKnownFileType = sourcecode.c.objc; path = "UIButton+AFNetworking.m"; sourceTree = "<group>"; };
		F2618BDD1DF2C2DB00CB0605 /* UIImage+AFNetworking.h */ = {isa = PBXFileReference; fileEncoding = 4; lastKnownFileType = sourcecode.c.h; path = "UIImage+AFNetworking.h"; sourceTree = "<group>"; };
		F2618BDE1DF2C2DB00CB0605 /* UIImageView+AFNetworking.h */ = {isa = PBXFileReference; fileEncoding = 4; lastKnownFileType = sourcecode.c.h; path = "UIImageView+AFNetworking.h"; sourceTree = "<group>"; };
		F2618BDF1DF2C2DB00CB0605 /* UIImageView+AFNetworking.m */ = {isa = PBXFileReference; fileEncoding = 4; lastKnownFileType = sourcecode.c.objc; path = "UIImageView+AFNetworking.m"; sourceTree = "<group>"; };
		F2618BE01DF2C2DB00CB0605 /* UIKit+AFNetworking.h */ = {isa = PBXFileReference; fileEncoding = 4; lastKnownFileType = sourcecode.c.h; path = "UIKit+AFNetworking.h"; sourceTree = "<group>"; };
		F2618BE11DF2C2DB00CB0605 /* UIProgressView+AFNetworking.h */ = {isa = PBXFileReference; fileEncoding = 4; lastKnownFileType = sourcecode.c.h; path = "UIProgressView+AFNetworking.h"; sourceTree = "<group>"; };
		F2618BE21DF2C2DB00CB0605 /* UIProgressView+AFNetworking.m */ = {isa = PBXFileReference; fileEncoding = 4; lastKnownFileType = sourcecode.c.objc; path = "UIProgressView+AFNetworking.m"; sourceTree = "<group>"; };
		F2618BE31DF2C2DB00CB0605 /* UIRefreshControl+AFNetworking.h */ = {isa = PBXFileReference; fileEncoding = 4; lastKnownFileType = sourcecode.c.h; path = "UIRefreshControl+AFNetworking.h"; sourceTree = "<group>"; };
		F2618BE41DF2C2DB00CB0605 /* UIRefreshControl+AFNetworking.m */ = {isa = PBXFileReference; fileEncoding = 4; lastKnownFileType = sourcecode.c.objc; path = "UIRefreshControl+AFNetworking.m"; sourceTree = "<group>"; };
		F2618BE51DF2C2DB00CB0605 /* UIWebView+AFNetworking.h */ = {isa = PBXFileReference; fileEncoding = 4; lastKnownFileType = sourcecode.c.h; path = "UIWebView+AFNetworking.h"; sourceTree = "<group>"; };
		F2618BE61DF2C2DB00CB0605 /* UIWebView+AFNetworking.m */ = {isa = PBXFileReference; fileEncoding = 4; lastKnownFileType = sourcecode.c.objc; path = "UIWebView+AFNetworking.m"; sourceTree = "<group>"; };
		F2618BEC1DF2C2DB00CB0605 /* FMDatabase.h */ = {isa = PBXFileReference; fileEncoding = 4; lastKnownFileType = sourcecode.c.h; path = FMDatabase.h; sourceTree = "<group>"; };
		F2618BED1DF2C2DB00CB0605 /* FMDatabase.m */ = {isa = PBXFileReference; fileEncoding = 4; lastKnownFileType = sourcecode.c.objc; path = FMDatabase.m; sourceTree = "<group>"; };
		F2618BEE1DF2C2DB00CB0605 /* FMDatabaseAdditions.h */ = {isa = PBXFileReference; fileEncoding = 4; lastKnownFileType = sourcecode.c.h; path = FMDatabaseAdditions.h; sourceTree = "<group>"; };
		F2618BEF1DF2C2DB00CB0605 /* FMDatabaseAdditions.m */ = {isa = PBXFileReference; fileEncoding = 4; lastKnownFileType = sourcecode.c.objc; path = FMDatabaseAdditions.m; sourceTree = "<group>"; };
		F2618BF01DF2C2DB00CB0605 /* FMDatabasePool.h */ = {isa = PBXFileReference; fileEncoding = 4; lastKnownFileType = sourcecode.c.h; path = FMDatabasePool.h; sourceTree = "<group>"; };
		F2618BF11DF2C2DB00CB0605 /* FMDatabasePool.m */ = {isa = PBXFileReference; fileEncoding = 4; lastKnownFileType = sourcecode.c.objc; path = FMDatabasePool.m; sourceTree = "<group>"; };
		F2618BF21DF2C2DB00CB0605 /* FMDatabaseQueue.h */ = {isa = PBXFileReference; fileEncoding = 4; lastKnownFileType = sourcecode.c.h; path = FMDatabaseQueue.h; sourceTree = "<group>"; };
		F2618BF31DF2C2DB00CB0605 /* FMDatabaseQueue.m */ = {isa = PBXFileReference; fileEncoding = 4; lastKnownFileType = sourcecode.c.objc; path = FMDatabaseQueue.m; sourceTree = "<group>"; };
		F2618BF41DF2C2DB00CB0605 /* FMDB.h */ = {isa = PBXFileReference; fileEncoding = 4; lastKnownFileType = sourcecode.c.h; path = FMDB.h; sourceTree = "<group>"; };
		F2618BF51DF2C2DB00CB0605 /* FMResultSet.h */ = {isa = PBXFileReference; fileEncoding = 4; lastKnownFileType = sourcecode.c.h; path = FMResultSet.h; sourceTree = "<group>"; };
		F2618BF61DF2C2DB00CB0605 /* FMResultSet.m */ = {isa = PBXFileReference; fileEncoding = 4; lastKnownFileType = sourcecode.c.objc; path = FMResultSet.m; sourceTree = "<group>"; };
		F2618BF91DF2C2DB00CB0605 /* MBProgressHUD.h */ = {isa = PBXFileReference; fileEncoding = 4; lastKnownFileType = sourcecode.c.h; path = MBProgressHUD.h; sourceTree = "<group>"; };
		F2618BFA1DF2C2DB00CB0605 /* MBProgressHUD.m */ = {isa = PBXFileReference; fileEncoding = 4; lastKnownFileType = sourcecode.c.objc; path = MBProgressHUD.m; sourceTree = "<group>"; };
		F2618C001DF2C2DB00CB0605 /* NSData+ImageContentType.h */ = {isa = PBXFileReference; fileEncoding = 4; lastKnownFileType = sourcecode.c.h; path = "NSData+ImageContentType.h"; sourceTree = "<group>"; };
		F2618C011DF2C2DB00CB0605 /* NSData+ImageContentType.m */ = {isa = PBXFileReference; fileEncoding = 4; lastKnownFileType = sourcecode.c.objc; path = "NSData+ImageContentType.m"; sourceTree = "<group>"; };
		F2618C021DF2C2DB00CB0605 /* SDImageCache.h */ = {isa = PBXFileReference; fileEncoding = 4; lastKnownFileType = sourcecode.c.h; path = SDImageCache.h; sourceTree = "<group>"; };
		F2618C031DF2C2DB00CB0605 /* SDImageCache.m */ = {isa = PBXFileReference; fileEncoding = 4; lastKnownFileType = sourcecode.c.objc; path = SDImageCache.m; sourceTree = "<group>"; };
		F2618C041DF2C2DB00CB0605 /* SDWebImageCompat.h */ = {isa = PBXFileReference; fileEncoding = 4; lastKnownFileType = sourcecode.c.h; path = SDWebImageCompat.h; sourceTree = "<group>"; };
		F2618C051DF2C2DB00CB0605 /* SDWebImageCompat.m */ = {isa = PBXFileReference; fileEncoding = 4; lastKnownFileType = sourcecode.c.objc; path = SDWebImageCompat.m; sourceTree = "<group>"; };
		F2618C061DF2C2DB00CB0605 /* SDWebImageDecoder.h */ = {isa = PBXFileReference; fileEncoding = 4; lastKnownFileType = sourcecode.c.h; path = SDWebImageDecoder.h; sourceTree = "<group>"; };
		F2618C071DF2C2DB00CB0605 /* SDWebImageDecoder.m */ = {isa = PBXFileReference; fileEncoding = 4; lastKnownFileType = sourcecode.c.objc; path = SDWebImageDecoder.m; sourceTree = "<group>"; };
		F2618C081DF2C2DB00CB0605 /* SDWebImageDownloader.h */ = {isa = PBXFileReference; fileEncoding = 4; lastKnownFileType = sourcecode.c.h; path = SDWebImageDownloader.h; sourceTree = "<group>"; };
		F2618C091DF2C2DB00CB0605 /* SDWebImageDownloader.m */ = {isa = PBXFileReference; fileEncoding = 4; lastKnownFileType = sourcecode.c.objc; path = SDWebImageDownloader.m; sourceTree = "<group>"; };
		F2618C0A1DF2C2DB00CB0605 /* SDWebImageDownloaderOperation.h */ = {isa = PBXFileReference; fileEncoding = 4; lastKnownFileType = sourcecode.c.h; path = SDWebImageDownloaderOperation.h; sourceTree = "<group>"; };
		F2618C0B1DF2C2DB00CB0605 /* SDWebImageDownloaderOperation.m */ = {isa = PBXFileReference; fileEncoding = 4; lastKnownFileType = sourcecode.c.objc; path = SDWebImageDownloaderOperation.m; sourceTree = "<group>"; };
		F2618C0C1DF2C2DB00CB0605 /* SDWebImageManager.h */ = {isa = PBXFileReference; fileEncoding = 4; lastKnownFileType = sourcecode.c.h; path = SDWebImageManager.h; sourceTree = "<group>"; };
		F2618C0D1DF2C2DB00CB0605 /* SDWebImageManager.m */ = {isa = PBXFileReference; fileEncoding = 4; lastKnownFileType = sourcecode.c.objc; path = SDWebImageManager.m; sourceTree = "<group>"; };
		F2618C0E1DF2C2DB00CB0605 /* SDWebImageOperation.h */ = {isa = PBXFileReference; fileEncoding = 4; lastKnownFileType = sourcecode.c.h; path = SDWebImageOperation.h; sourceTree = "<group>"; };
		F2618C0F1DF2C2DB00CB0605 /* SDWebImagePrefetcher.h */ = {isa = PBXFileReference; fileEncoding = 4; lastKnownFileType = sourcecode.c.h; path = SDWebImagePrefetcher.h; sourceTree = "<group>"; };
		F2618C101DF2C2DB00CB0605 /* SDWebImagePrefetcher.m */ = {isa = PBXFileReference; fileEncoding = 4; lastKnownFileType = sourcecode.c.objc; path = SDWebImagePrefetcher.m; sourceTree = "<group>"; };
		F2618C111DF2C2DB00CB0605 /* UIButton+WebCache.h */ = {isa = PBXFileReference; fileEncoding = 4; lastKnownFileType = sourcecode.c.h; path = "UIButton+WebCache.h"; sourceTree = "<group>"; };
		F2618C121DF2C2DB00CB0605 /* UIButton+WebCache.m */ = {isa = PBXFileReference; fileEncoding = 4; lastKnownFileType = sourcecode.c.objc; path = "UIButton+WebCache.m"; sourceTree = "<group>"; };
		F2618C131DF2C2DB00CB0605 /* UIImage+GIF.h */ = {isa = PBXFileReference; fileEncoding = 4; lastKnownFileType = sourcecode.c.h; path = "UIImage+GIF.h"; sourceTree = "<group>"; };
		F2618C141DF2C2DB00CB0605 /* UIImage+GIF.m */ = {isa = PBXFileReference; fileEncoding = 4; lastKnownFileType = sourcecode.c.objc; path = "UIImage+GIF.m"; sourceTree = "<group>"; };
		F2618C151DF2C2DB00CB0605 /* UIImage+MultiFormat.h */ = {isa = PBXFileReference; fileEncoding = 4; lastKnownFileType = sourcecode.c.h; path = "UIImage+MultiFormat.h"; sourceTree = "<group>"; };
		F2618C161DF2C2DB00CB0605 /* UIImage+MultiFormat.m */ = {isa = PBXFileReference; fileEncoding = 4; lastKnownFileType = sourcecode.c.objc; path = "UIImage+MultiFormat.m"; sourceTree = "<group>"; };
		F2618C171DF2C2DB00CB0605 /* UIImageView+HighlightedWebCache.h */ = {isa = PBXFileReference; fileEncoding = 4; lastKnownFileType = sourcecode.c.h; path = "UIImageView+HighlightedWebCache.h"; sourceTree = "<group>"; };
		F2618C181DF2C2DB00CB0605 /* UIImageView+HighlightedWebCache.m */ = {isa = PBXFileReference; fileEncoding = 4; lastKnownFileType = sourcecode.c.objc; path = "UIImageView+HighlightedWebCache.m"; sourceTree = "<group>"; };
		F2618C191DF2C2DB00CB0605 /* UIImageView+WebCache.h */ = {isa = PBXFileReference; fileEncoding = 4; lastKnownFileType = sourcecode.c.h; path = "UIImageView+WebCache.h"; sourceTree = "<group>"; };
		F2618C1A1DF2C2DB00CB0605 /* UIImageView+WebCache.m */ = {isa = PBXFileReference; fileEncoding = 4; lastKnownFileType = sourcecode.c.objc; path = "UIImageView+WebCache.m"; sourceTree = "<group>"; };
		F2618C1B1DF2C2DB00CB0605 /* UIView+WebCacheOperation.h */ = {isa = PBXFileReference; fileEncoding = 4; lastKnownFileType = sourcecode.c.h; path = "UIView+WebCacheOperation.h"; sourceTree = "<group>"; };
		F2618C1C1DF2C2DB00CB0605 /* UIView+WebCacheOperation.m */ = {isa = PBXFileReference; fileEncoding = 4; lastKnownFileType = sourcecode.c.objc; path = "UIView+WebCacheOperation.m"; sourceTree = "<group>"; };
		F2618C491DF2EADF00CB0605 /* libsqlite3.0.tbd */ = {isa = PBXFileReference; lastKnownFileType = "sourcecode.text-based-dylib-definition"; name = libsqlite3.0.tbd; path = usr/lib/libsqlite3.0.tbd; sourceTree = SDKROOT; };
		F26881721EAD077200582C27 /* CMShareManager.h */ = {isa = PBXFileReference; fileEncoding = 4; lastKnownFileType = sourcecode.c.h; path = CMShareManager.h; sourceTree = "<group>"; };
		F26881731EAD077200582C27 /* CMShareManager.m */ = {isa = PBXFileReference; fileEncoding = 4; lastKnownFileType = sourcecode.c.objc; path = CMShareManager.m; sourceTree = "<group>"; };
		F26881781EAD07AC00582C27 /* libSocialQQ.a */ = {isa = PBXFileReference; lastKnownFileType = archive.ar; path = libSocialQQ.a; sourceTree = "<group>"; };
		F26881791EAD07AC00582C27 /* UMSocialQQHandler.h */ = {isa = PBXFileReference; fileEncoding = 4; lastKnownFileType = sourcecode.c.h; path = UMSocialQQHandler.h; sourceTree = "<group>"; };
		F268817B1EAD07AC00582C27 /* libSocialSina.a */ = {isa = PBXFileReference; lastKnownFileType = archive.ar; path = libSocialSina.a; sourceTree = "<group>"; };
		F268817C1EAD07AC00582C27 /* UMSocialSinaHandler.h */ = {isa = PBXFileReference; fileEncoding = 4; lastKnownFileType = sourcecode.c.h; path = UMSocialSinaHandler.h; sourceTree = "<group>"; };
		F268817E1EAD07AC00582C27 /* libSocialWeChat.a */ = {isa = PBXFileReference; lastKnownFileType = archive.ar; path = libSocialWeChat.a; sourceTree = "<group>"; };
		F268817F1EAD07AC00582C27 /* UMSocialWechatHandler.h */ = {isa = PBXFileReference; fileEncoding = 4; lastKnownFileType = sourcecode.c.h; path = UMSocialWechatHandler.h; sourceTree = "<group>"; };
		F26881811EAD07AC00582C27 /* libWeChatSDK.a */ = {isa = PBXFileReference; lastKnownFileType = archive.ar; path = libWeChatSDK.a; sourceTree = "<group>"; };
		F26881821EAD07AC00582C27 /* README.txt */ = {isa = PBXFileReference; fileEncoding = 4; lastKnownFileType = text; path = README.txt; sourceTree = "<group>"; };
		F26881831EAD07AC00582C27 /* WechatAuthSDK.h */ = {isa = PBXFileReference; fileEncoding = 4; lastKnownFileType = sourcecode.c.h; path = WechatAuthSDK.h; sourceTree = "<group>"; };
		F26881841EAD07AC00582C27 /* WXApi.h */ = {isa = PBXFileReference; fileEncoding = 4; lastKnownFileType = sourcecode.c.h; path = WXApi.h; sourceTree = "<group>"; };
		F26881851EAD07AC00582C27 /* WXApiObject.h */ = {isa = PBXFileReference; fileEncoding = 4; lastKnownFileType = sourcecode.c.h; path = WXApiObject.h; sourceTree = "<group>"; };
		F26881871EAD07AC00582C27 /* UMSocialCore.framework */ = {isa = PBXFileReference; lastKnownFileType = wrapper.framework; path = UMSocialCore.framework; sourceTree = "<group>"; };
		F26881881EAD07AC00582C27 /* UMSocialNetwork.framework */ = {isa = PBXFileReference; lastKnownFileType = wrapper.framework; path = UMSocialNetwork.framework; sourceTree = "<group>"; };
		F26881891EAD07AC00582C27 /* UMSocialSDKPromptResources.bundle */ = {isa = PBXFileReference; lastKnownFileType = "wrapper.plug-in"; path = UMSocialSDKPromptResources.bundle; sourceTree = "<group>"; };
		F268818B1EAD07AC00582C27 /* libUMSocialLog.a */ = {isa = PBXFileReference; lastKnownFileType = archive.ar; path = libUMSocialLog.a; sourceTree = "<group>"; };
		F268818D1EAD07AC00582C27 /* UMSocialSDKResources.bundle */ = {isa = PBXFileReference; lastKnownFileType = "wrapper.plug-in"; path = UMSocialSDKResources.bundle; sourceTree = "<group>"; };
		F268818E1EAD07AC00582C27 /* UShareUI.framework */ = {isa = PBXFileReference; lastKnownFileType = wrapper.framework; path = UShareUI.framework; sourceTree = "<group>"; };
		F2CB57021E2DCF2F00B6F883 /* libxml2.2.tbd */ = {isa = PBXFileReference; lastKnownFileType = "sourcecode.text-based-dylib-definition"; name = libxml2.2.tbd; path = usr/lib/libxml2.2.tbd; sourceTree = SDKROOT; };
/* End PBXFileReference section */

/* Begin PBXFrameworksBuildPhase section */
		F2618B261DF2BA6500CB0605 /* Frameworks */ = {
			isa = PBXFrameworksBuildPhase;
			buildActionMask = 2147483647;
			files = (
				F268818F1EAD07AC00582C27 /* libSocialQQ.a in Frameworks */,
				F2618C4A1DF2EADF00CB0605 /* libsqlite3.0.tbd in Frameworks */,
				F26881911EAD07AC00582C27 /* libSocialWeChat.a in Frameworks */,
				F26881901EAD07AC00582C27 /* libSocialSina.a in Frameworks */,
				F26881941EAD07AC00582C27 /* UMSocialCore.framework in Frameworks */,
				F26881971EAD07AC00582C27 /* libUMSocialLog.a in Frameworks */,
				F26881951EAD07AC00582C27 /* UMSocialNetwork.framework in Frameworks */,
				F26881921EAD07AC00582C27 /* libWeChatSDK.a in Frameworks */,
				F26881991EAD07AC00582C27 /* UShareUI.framework in Frameworks */,
			);
			runOnlyForDeploymentPostprocessing = 0;
		};
/* End PBXFrameworksBuildPhase section */

/* Begin PBXGroup section */
		342C0C6B217F213400227D24 /* ComponentRouter */ = {
			isa = PBXGroup;
			children = (
				342C0C70217F21BD00227D24 /* CMRouterManager.h */,
				342C0C6F217F21BD00227D24 /* CMRouterManager.m */,
				34E0A6612186EF7100791B1C /* CMRouterStorage.h */,
				34E0A6622186EF7100791B1C /* CMRouterStorage.m */,
				3403188F21801F8E003370A7 /* CMRouterTask.h */,
				3403189021801F8E003370A7 /* CMRouterTask.m */,
				3403188C218001E2003370A7 /* CMRouterHandler.h */,
				3403188D218001E2003370A7 /* CMRouterHandler.m */,
				342C0C75217F23CA00227D24 /* CMRouterNavigator.h */,
				342C0C76217F23CB00227D24 /* CMRouterNavigator.m */,
				342C0C78217F265100227D24 /* CMRouterPresentor.h */,
				342C0C79217F265100227D24 /* CMRouterPresentor.m */,
				3403189221804529003370A7 /* url.plist */,
			);
			path = ComponentRouter;
			sourceTree = "<group>";
		};
		F210720D1E6E617F00D7695D /* ComponentManager */ = {
			isa = PBXGroup;
			children = (
				F26881721EAD077200582C27 /* CMShareManager.h */,
				F26881731EAD077200582C27 /* CMShareManager.m */,
				F21072291E6E61D700D7695D /* CMImageManager.h */,
				F210722A1E6E61D700D7695D /* CMImageManager.m */,
				F210720E1E6E617F00D7695D /* CMCameraManger.h */,
				F210720F1E6E617F00D7695D /* CMCameraManger.m */,
				F21072101E6E617F00D7695D /* CMKeyboardManager.h */,
				F21072111E6E617F00D7695D /* CMKeyboardManager.m */,
				F21072121E6E617F00D7695D /* CMLoginRegisterManager.h */,
				F21072131E6E617F00D7695D /* CMLoginRegisterManager.m */,
				F21072141E6E617F00D7695D /* CMPushManager.h */,
				F21072151E6E617F00D7695D /* CMPushManager.m */,
				F21072161E6E617F00D7695D /* CMQRCodeManager.h */,
				F21072171E6E617F00D7695D /* CMQRCodeManager.m */,
				F21072181E6E617F00D7695D /* CMScanQRCodeManager.h */,
				F21072191E6E617F00D7695D /* CMScanQRCodeManager.m */,
				F210721A1E6E617F00D7695D /* CMShowHUDManager.h */,
				F210721B1E6E617F00D7695D /* CMShowHUDManager.m */,
				F210721C1E6E617F00D7695D /* CMTimerManager.h */,
				F210721D1E6E617F00D7695D /* CMTimerManager.m */,
				F210721E1E6E617F00D7695D /* CMViewControllerManager.h */,
				F210721F1E6E617F00D7695D /* CMViewControllerManager.m */,
				34E93396217D9C3B002D37B9 /* CMStringManager.h */,
				34E93397217D9C3B002D37B9 /* CMStringManager.m */,
				342C0C65217F015400227D24 /* CMDispatchMessageManager.h */,
				342C0C64217F015400227D24 /* CMDispatchMessageManager.m */,
			);
			path = ComponentManager;
			sourceTree = "<group>";
		};
		F2618B201DF2BA6500CB0605 = {
			isa = PBXGroup;
			children = (
				F2618B2B1DF2BA6500CB0605 /* ComponentManager */,
				F2618B2A1DF2BA6500CB0605 /* Products */,
				F2618C481DF2EADF00CB0605 /* Frameworks */,
			);
			sourceTree = "<group>";
		};
		F2618B2A1DF2BA6500CB0605 /* Products */ = {
			isa = PBXGroup;
			children = (
				F2618B291DF2BA6500CB0605 /* ComponentManager.app */,
			);
			name = Products;
			sourceTree = "<group>";
		};
		F2618B2B1DF2BA6500CB0605 /* ComponentManager */ = {
			isa = PBXGroup;
			children = (
				34E0A664218719AE00791B1C /* TSViewController1.h */,
				34E0A665218719AE00791B1C /* TSViewController1.m */,
				34E0A666218719AE00791B1C /* TSViewController1.xib */,
				F2618B2F1DF2BA6500CB0605 /* AppDelegate.h */,
				F2618B301DF2BA6500CB0605 /* AppDelegate.m */,
				F2618B321DF2BA6500CB0605 /* ViewController.h */,
				F2055AB91E2CAF1C00ABF746 /* shakeMusic.wav */,
				F2055ABE1E2CAFFF00ABF746 /* qrcode_found.wav */,
				F2055ABB1E2CAF5700ABF746 /* beep.ogg */,
				F2618B331DF2BA6500CB0605 /* ViewController.m */,
				F2618BC01DF2C2DB00CB0605 /* ThirdLibrary */,
				F2618B351DF2BA6500CB0605 /* Main.storyboard */,
				F2618B381DF2BA6500CB0605 /* Assets.xcassets */,
				F2618B3A1DF2BA6500CB0605 /* LaunchScreen.storyboard */,
				F2618B3D1DF2BA6500CB0605 /* Info.plist */,
				F2618B2C1DF2BA6500CB0605 /* Supporting Files */,
			);
			path = ComponentManager;
			sourceTree = "<group>";
		};
		F2618B2C1DF2BA6500CB0605 /* Supporting Files */ = {
			isa = PBXGroup;
			children = (
				F2618B2D1DF2BA6500CB0605 /* main.m */,
			);
			name = "Supporting Files";
			sourceTree = "<group>";
		};
		F2618BC01DF2C2DB00CB0605 /* ThirdLibrary */ = {
			isa = PBXGroup;
			children = (
				342C0C6B217F213400227D24 /* ComponentRouter */,
				F26881751EAD07AC00582C27 /* UMSocial */,
				F210720D1E6E617F00D7695D /* ComponentManager */,
				F2618BC11DF2C2DB00CB0605 /* AFNetworking */,
				F2618BE71DF2C2DB00CB0605 /* FMDB */,
				F2618BF71DF2C2DB00CB0605 /* MBProgressHUD */,
				F2618BFC1DF2C2DB00CB0605 /* SDWebImage */,
			);
			path = ThirdLibrary;
			sourceTree = "<group>";
		};
		F2618BC11DF2C2DB00CB0605 /* AFNetworking */ = {
			isa = PBXGroup;
			children = (
				F2618BC21DF2C2DB00CB0605 /* AFNetworking */,
				F2618BD21DF2C2DB00CB0605 /* UIKit+AFNetworking */,
			);
			path = AFNetworking;
			sourceTree = "<group>";
		};
		F2618BC21DF2C2DB00CB0605 /* AFNetworking */ = {
			isa = PBXGroup;
			children = (
				F2618BC31DF2C2DB00CB0605 /* AFHTTPSessionManager.h */,
				F2618BC41DF2C2DB00CB0605 /* AFHTTPSessionManager.m */,
				F2618BC51DF2C2DB00CB0605 /* AFNetworking.h */,
				F2618BC61DF2C2DB00CB0605 /* AFNetworkReachabilityManager.h */,
				F2618BC71DF2C2DB00CB0605 /* AFNetworkReachabilityManager.m */,
				F2618BC81DF2C2DB00CB0605 /* AFSecurityPolicy.h */,
				F2618BC91DF2C2DB00CB0605 /* AFSecurityPolicy.m */,
				F2618BCA1DF2C2DB00CB0605 /* AFURLRequestSerialization.h */,
				F2618BCB1DF2C2DB00CB0605 /* AFURLRequestSerialization.m */,
				F2618BCC1DF2C2DB00CB0605 /* AFURLResponseSerialization.h */,
				F2618BCD1DF2C2DB00CB0605 /* AFURLResponseSerialization.m */,
				F2618BCE1DF2C2DB00CB0605 /* AFURLSessionManager.h */,
				F2618BCF1DF2C2DB00CB0605 /* AFURLSessionManager.m */,
			);
			path = AFNetworking;
			sourceTree = "<group>";
		};
		F2618BD21DF2C2DB00CB0605 /* UIKit+AFNetworking */ = {
			isa = PBXGroup;
			children = (
				F2618BD31DF2C2DB00CB0605 /* AFAutoPurgingImageCache.h */,
				F2618BD41DF2C2DB00CB0605 /* AFAutoPurgingImageCache.m */,
				F2618BD51DF2C2DB00CB0605 /* AFImageDownloader.h */,
				F2618BD61DF2C2DB00CB0605 /* AFImageDownloader.m */,
				F2618BD71DF2C2DB00CB0605 /* AFNetworkActivityIndicatorManager.h */,
				F2618BD81DF2C2DB00CB0605 /* AFNetworkActivityIndicatorManager.m */,
				F2618BD91DF2C2DB00CB0605 /* UIActivityIndicatorView+AFNetworking.h */,
				F2618BDA1DF2C2DB00CB0605 /* UIActivityIndicatorView+AFNetworking.m */,
				F2618BDB1DF2C2DB00CB0605 /* UIButton+AFNetworking.h */,
				F2618BDC1DF2C2DB00CB0605 /* UIButton+AFNetworking.m */,
				F2618BDD1DF2C2DB00CB0605 /* UIImage+AFNetworking.h */,
				F2618BDE1DF2C2DB00CB0605 /* UIImageView+AFNetworking.h */,
				F2618BDF1DF2C2DB00CB0605 /* UIImageView+AFNetworking.m */,
				F2618BE01DF2C2DB00CB0605 /* UIKit+AFNetworking.h */,
				F2618BE11DF2C2DB00CB0605 /* UIProgressView+AFNetworking.h */,
				F2618BE21DF2C2DB00CB0605 /* UIProgressView+AFNetworking.m */,
				F2618BE31DF2C2DB00CB0605 /* UIRefreshControl+AFNetworking.h */,
				F2618BE41DF2C2DB00CB0605 /* UIRefreshControl+AFNetworking.m */,
				F2618BE51DF2C2DB00CB0605 /* UIWebView+AFNetworking.h */,
				F2618BE61DF2C2DB00CB0605 /* UIWebView+AFNetworking.m */,
			);
			path = "UIKit+AFNetworking";
			sourceTree = "<group>";
		};
		F2618BE71DF2C2DB00CB0605 /* FMDB */ = {
			isa = PBXGroup;
			children = (
				F2618BEA1DF2C2DB00CB0605 /* src */,
			);
			path = FMDB;
			sourceTree = "<group>";
		};
		F2618BEA1DF2C2DB00CB0605 /* src */ = {
			isa = PBXGroup;
			children = (
				F2618BEB1DF2C2DB00CB0605 /* fmdb */,
			);
			path = src;
			sourceTree = "<group>";
		};
		F2618BEB1DF2C2DB00CB0605 /* fmdb */ = {
			isa = PBXGroup;
			children = (
				F2618BEC1DF2C2DB00CB0605 /* FMDatabase.h */,
				F2618BED1DF2C2DB00CB0605 /* FMDatabase.m */,
				F2618BEE1DF2C2DB00CB0605 /* FMDatabaseAdditions.h */,
				F2618BEF1DF2C2DB00CB0605 /* FMDatabaseAdditions.m */,
				F2618BF01DF2C2DB00CB0605 /* FMDatabasePool.h */,
				F2618BF11DF2C2DB00CB0605 /* FMDatabasePool.m */,
				F2618BF21DF2C2DB00CB0605 /* FMDatabaseQueue.h */,
				F2618BF31DF2C2DB00CB0605 /* FMDatabaseQueue.m */,
				F2618BF41DF2C2DB00CB0605 /* FMDB.h */,
				F2618BF51DF2C2DB00CB0605 /* FMResultSet.h */,
				F2618BF61DF2C2DB00CB0605 /* FMResultSet.m */,
			);
			path = fmdb;
			sourceTree = "<group>";
		};
		F2618BF71DF2C2DB00CB0605 /* MBProgressHUD */ = {
			isa = PBXGroup;
			children = (
				F2618BF91DF2C2DB00CB0605 /* MBProgressHUD.h */,
				F2618BFA1DF2C2DB00CB0605 /* MBProgressHUD.m */,
			);
			path = MBProgressHUD;
			sourceTree = "<group>";
		};
		F2618BFC1DF2C2DB00CB0605 /* SDWebImage */ = {
			isa = PBXGroup;
			children = (
				F2618BFF1DF2C2DB00CB0605 /* SDWebImage */,
			);
			path = SDWebImage;
			sourceTree = "<group>";
		};
		F2618BFF1DF2C2DB00CB0605 /* SDWebImage */ = {
			isa = PBXGroup;
			children = (
				F2618C001DF2C2DB00CB0605 /* NSData+ImageContentType.h */,
				F2618C011DF2C2DB00CB0605 /* NSData+ImageContentType.m */,
				F2618C021DF2C2DB00CB0605 /* SDImageCache.h */,
				F2618C031DF2C2DB00CB0605 /* SDImageCache.m */,
				F2618C041DF2C2DB00CB0605 /* SDWebImageCompat.h */,
				F2618C051DF2C2DB00CB0605 /* SDWebImageCompat.m */,
				F2618C061DF2C2DB00CB0605 /* SDWebImageDecoder.h */,
				F2618C071DF2C2DB00CB0605 /* SDWebImageDecoder.m */,
				F2618C081DF2C2DB00CB0605 /* SDWebImageDownloader.h */,
				F2618C091DF2C2DB00CB0605 /* SDWebImageDownloader.m */,
				F2618C0A1DF2C2DB00CB0605 /* SDWebImageDownloaderOperation.h */,
				F2618C0B1DF2C2DB00CB0605 /* SDWebImageDownloaderOperation.m */,
				F2618C0C1DF2C2DB00CB0605 /* SDWebImageManager.h */,
				F2618C0D1DF2C2DB00CB0605 /* SDWebImageManager.m */,
				F2618C0E1DF2C2DB00CB0605 /* SDWebImageOperation.h */,
				F2618C0F1DF2C2DB00CB0605 /* SDWebImagePrefetcher.h */,
				F2618C101DF2C2DB00CB0605 /* SDWebImagePrefetcher.m */,
				F2618C111DF2C2DB00CB0605 /* UIButton+WebCache.h */,
				F2618C121DF2C2DB00CB0605 /* UIButton+WebCache.m */,
				F2618C131DF2C2DB00CB0605 /* UIImage+GIF.h */,
				F2618C141DF2C2DB00CB0605 /* UIImage+GIF.m */,
				F2618C151DF2C2DB00CB0605 /* UIImage+MultiFormat.h */,
				F2618C161DF2C2DB00CB0605 /* UIImage+MultiFormat.m */,
				F2618C171DF2C2DB00CB0605 /* UIImageView+HighlightedWebCache.h */,
				F2618C181DF2C2DB00CB0605 /* UIImageView+HighlightedWebCache.m */,
				F2618C191DF2C2DB00CB0605 /* UIImageView+WebCache.h */,
				F2618C1A1DF2C2DB00CB0605 /* UIImageView+WebCache.m */,
				F2618C1B1DF2C2DB00CB0605 /* UIView+WebCacheOperation.h */,
				F2618C1C1DF2C2DB00CB0605 /* UIView+WebCacheOperation.m */,
			);
			path = SDWebImage;
			sourceTree = "<group>";
		};
		F2618C481DF2EADF00CB0605 /* Frameworks */ = {
			isa = PBXGroup;
			children = (
				F2CB57021E2DCF2F00B6F883 /* libxml2.2.tbd */,
				F2618C491DF2EADF00CB0605 /* libsqlite3.0.tbd */,
			);
			name = Frameworks;
			sourceTree = "<group>";
		};
		F26881751EAD07AC00582C27 /* UMSocial */ = {
			isa = PBXGroup;
			children = (
				F26881761EAD07AC00582C27 /* SocialLibraries */,
				F26881861EAD07AC00582C27 /* UMSocialSDK */,
				F268818A1EAD07AC00582C27 /* UMSocialSDKPlugin */,
				F268818C1EAD07AC00582C27 /* UMSocialUI */,
			);
			path = UMSocial;
			sourceTree = "<group>";
		};
		F26881761EAD07AC00582C27 /* SocialLibraries */ = {
			isa = PBXGroup;
			children = (
				F26881771EAD07AC00582C27 /* QQ */,
				F268817A1EAD07AC00582C27 /* Sina */,
				F268817D1EAD07AC00582C27 /* WeChat */,
			);
			path = SocialLibraries;
			sourceTree = "<group>";
		};
		F26881771EAD07AC00582C27 /* QQ */ = {
			isa = PBXGroup;
			children = (
				F26881781EAD07AC00582C27 /* libSocialQQ.a */,
				F26881791EAD07AC00582C27 /* UMSocialQQHandler.h */,
			);
			path = QQ;
			sourceTree = "<group>";
		};
		F268817A1EAD07AC00582C27 /* Sina */ = {
			isa = PBXGroup;
			children = (
				F268817B1EAD07AC00582C27 /* libSocialSina.a */,
				F268817C1EAD07AC00582C27 /* UMSocialSinaHandler.h */,
			);
			path = Sina;
			sourceTree = "<group>";
		};
		F268817D1EAD07AC00582C27 /* WeChat */ = {
			isa = PBXGroup;
			children = (
				F268817E1EAD07AC00582C27 /* libSocialWeChat.a */,
				F268817F1EAD07AC00582C27 /* UMSocialWechatHandler.h */,
				F26881801EAD07AC00582C27 /* WechatSDK */,
			);
			path = WeChat;
			sourceTree = "<group>";
		};
		F26881801EAD07AC00582C27 /* WechatSDK */ = {
			isa = PBXGroup;
			children = (
				F26881811EAD07AC00582C27 /* libWeChatSDK.a */,
				F26881821EAD07AC00582C27 /* README.txt */,
				F26881831EAD07AC00582C27 /* WechatAuthSDK.h */,
				F26881841EAD07AC00582C27 /* WXApi.h */,
				F26881851EAD07AC00582C27 /* WXApiObject.h */,
			);
			path = WechatSDK;
			sourceTree = "<group>";
		};
		F26881861EAD07AC00582C27 /* UMSocialSDK */ = {
			isa = PBXGroup;
			children = (
				F26881871EAD07AC00582C27 /* UMSocialCore.framework */,
				F26881881EAD07AC00582C27 /* UMSocialNetwork.framework */,
				F26881891EAD07AC00582C27 /* UMSocialSDKPromptResources.bundle */,
			);
			path = UMSocialSDK;
			sourceTree = "<group>";
		};
		F268818A1EAD07AC00582C27 /* UMSocialSDKPlugin */ = {
			isa = PBXGroup;
			children = (
				F268818B1EAD07AC00582C27 /* libUMSocialLog.a */,
			);
			path = UMSocialSDKPlugin;
			sourceTree = "<group>";
		};
		F268818C1EAD07AC00582C27 /* UMSocialUI */ = {
			isa = PBXGroup;
			children = (
				F268818D1EAD07AC00582C27 /* UMSocialSDKResources.bundle */,
				F268818E1EAD07AC00582C27 /* UShareUI.framework */,
			);
			path = UMSocialUI;
			sourceTree = "<group>";
		};
/* End PBXGroup section */

/* Begin PBXNativeTarget section */
		F2618B281DF2BA6500CB0605 /* ComponentManager */ = {
			isa = PBXNativeTarget;
			buildConfigurationList = F2618B401DF2BA6500CB0605 /* Build configuration list for PBXNativeTarget "ComponentManager" */;
			buildPhases = (
				F2618B251DF2BA6500CB0605 /* Sources */,
				F2618B261DF2BA6500CB0605 /* Frameworks */,
				F2618B271DF2BA6500CB0605 /* Resources */,
			);
			buildRules = (
			);
			dependencies = (
			);
			name = ComponentManager;
			productName = ComponentManager;
			productReference = F2618B291DF2BA6500CB0605 /* ComponentManager.app */;
			productType = "com.apple.product-type.application";
		};
/* End PBXNativeTarget section */

/* Begin PBXProject section */
		F2618B211DF2BA6500CB0605 /* Project object */ = {
			isa = PBXProject;
			attributes = {
				LastUpgradeCheck = 1000;
				ORGANIZATIONNAME = huangxiong;
				TargetAttributes = {
					F2618B281DF2BA6500CB0605 = {
						CreatedOnToolsVersion = 8.1;
						DevelopmentTeam = 6EW99E5PRN;
						ProvisioningStyle = Automatic;
					};
				};
			};
			buildConfigurationList = F2618B241DF2BA6500CB0605 /* Build configuration list for PBXProject "ComponentManager" */;
			compatibilityVersion = "Xcode 3.2";
			developmentRegion = English;
			hasScannedForEncodings = 0;
			knownRegions = (
				en,
				Base,
			);
			mainGroup = F2618B201DF2BA6500CB0605;
			productRefGroup = F2618B2A1DF2BA6500CB0605 /* Products */;
			projectDirPath = "";
			projectRoot = "";
			targets = (
				F2618B281DF2BA6500CB0605 /* ComponentManager */,
			);
		};
/* End PBXProject section */

/* Begin PBXResourcesBuildPhase section */
		F2618B271DF2BA6500CB0605 /* Resources */ = {
			isa = PBXResourcesBuildPhase;
			buildActionMask = 2147483647;
			files = (
				F2618B3C1DF2BA6500CB0605 /* LaunchScreen.storyboard in Resources */,
				F2618B391DF2BA6500CB0605 /* Assets.xcassets in Resources */,
				F2618B371DF2BA6500CB0605 /* Main.storyboard in Resources */,
				F26881961EAD07AC00582C27 /* UMSocialSDKPromptResources.bundle in Resources */,
				F2055ABF1E2CAFFF00ABF746 /* qrcode_found.wav in Resources */,
				F26881981EAD07AC00582C27 /* UMSocialSDKResources.bundle in Resources */,
				3403189321804529003370A7 /* url.plist in Resources */,
				34E0A668218719AE00791B1C /* TSViewController1.xib in Resources */,
				F26881931EAD07AC00582C27 /* README.txt in Resources */,
				F2055ABA1E2CAF1C00ABF746 /* shakeMusic.wav in Resources */,
			);
			runOnlyForDeploymentPostprocessing = 0;
		};
/* End PBXResourcesBuildPhase section */

/* Begin PBXSourcesBuildPhase section */
		F2618B251DF2BA6500CB0605 /* Sources */ = {
			isa = PBXSourcesBuildPhase;
			buildActionMask = 2147483647;
			files = (
				F2618C401DF2C2DB00CB0605 /* SDWebImageManager.m in Sources */,
				F2618C411DF2C2DB00CB0605 /* SDWebImagePrefetcher.m in Sources */,
				F26881741EAD077200582C27 /* CMShareManager.m in Sources */,
				F2618C471DF2C2DB00CB0605 /* UIView+WebCacheOperation.m in Sources */,
				F21072271E6E617F00D7695D /* CMTimerManager.m in Sources */,
				F2618C2B1DF2C2DB00CB0605 /* UIProgressView+AFNetworking.m in Sources */,
				F2618C291DF2C2DB00CB0605 /* UIButton+AFNetworking.m in Sources */,
				F2618C2C1DF2C2DB00CB0605 /* UIRefreshControl+AFNetworking.m in Sources */,
				34E0A6632186EF7100791B1C /* CMRouterStorage.m in Sources */,
				F21072251E6E617F00D7695D /* CMScanQRCodeManager.m in Sources */,
				F2618C201DF2C2DB00CB0605 /* AFURLRequestSerialization.m in Sources */,
				F210722B1E6E61D700D7695D /* CMImageManager.m in Sources */,
				F2618C3F1DF2C2DB00CB0605 /* SDWebImageDownloaderOperation.m in Sources */,
				342C0C77217F23CB00227D24 /* CMRouterNavigator.m in Sources */,
				F2618B341DF2BA6500CB0605 /* ViewController.m in Sources */,
				F2618B311DF2BA6500CB0605 /* AppDelegate.m in Sources */,
				F2618C451DF2C2DB00CB0605 /* UIImageView+HighlightedWebCache.m in Sources */,
				F2618C301DF2C2DB00CB0605 /* FMDatabase.m in Sources */,
				F2618C221DF2C2DB00CB0605 /* AFURLSessionManager.m in Sources */,
				F2618C211DF2C2DB00CB0605 /* AFURLResponseSerialization.m in Sources */,
				342C0C7A217F265100227D24 /* CMRouterPresentor.m in Sources */,
				F2618C2A1DF2C2DB00CB0605 /* UIImageView+AFNetworking.m in Sources */,
				F2618C321DF2C2DB00CB0605 /* FMDatabasePool.m in Sources */,
				F2618C431DF2C2DB00CB0605 /* UIImage+GIF.m in Sources */,
				F2618C1E1DF2C2DB00CB0605 /* AFNetworkReachabilityManager.m in Sources */,
				342C0C71217F21BD00227D24 /* CMRouterManager.m in Sources */,
				F21072211E6E617F00D7695D /* CMKeyboardManager.m in Sources */,
				F2618C341DF2C2DB00CB0605 /* FMResultSet.m in Sources */,
				3403188E218001E2003370A7 /* CMRouterHandler.m in Sources */,
				F2618C251DF2C2DB00CB0605 /* AFAutoPurgingImageCache.m in Sources */,
				F2618C461DF2C2DB00CB0605 /* UIImageView+WebCache.m in Sources */,
				F2618C421DF2C2DB00CB0605 /* UIButton+WebCache.m in Sources */,
				3403189121801F8E003370A7 /* CMRouterTask.m in Sources */,
				F21072231E6E617F00D7695D /* CMPushManager.m in Sources */,
				F2618C3E1DF2C2DB00CB0605 /* SDWebImageDownloader.m in Sources */,
				F2618C441DF2C2DB00CB0605 /* UIImage+MultiFormat.m in Sources */,
				F21072201E6E617F00D7695D /* CMCameraManger.m in Sources */,
				F2618C1F1DF2C2DB00CB0605 /* AFSecurityPolicy.m in Sources */,
				F2618C331DF2C2DB00CB0605 /* FMDatabaseQueue.m in Sources */,
				F2618C1D1DF2C2DB00CB0605 /* AFHTTPSessionManager.m in Sources */,
				F21072241E6E617F00D7695D /* CMQRCodeManager.m in Sources */,
				34E0A667218719AE00791B1C /* TSViewController1.m in Sources */,
				F2618C3C1DF2C2DB00CB0605 /* SDWebImageCompat.m in Sources */,
				F21072221E6E617F00D7695D /* CMLoginRegisterManager.m in Sources */,
				342C0C66217F015400227D24 /* CMDispatchMessageManager.m in Sources */,
				F2618C261DF2C2DB00CB0605 /* AFImageDownloader.m in Sources */,
				F2618C3D1DF2C2DB00CB0605 /* SDWebImageDecoder.m in Sources */,
				F2618C3B1DF2C2DB00CB0605 /* SDImageCache.m in Sources */,
				F2618C2D1DF2C2DB00CB0605 /* UIWebView+AFNetworking.m in Sources */,
				F2618B2E1DF2BA6500CB0605 /* main.m in Sources */,
				34E93398217D9C3B002D37B9 /* CMStringManager.m in Sources */,
				F2618C281DF2C2DB00CB0605 /* UIActivityIndicatorView+AFNetworking.m in Sources */,
				F21072281E6E617F00D7695D /* CMViewControllerManager.m in Sources */,
				F2618C271DF2C2DB00CB0605 /* AFNetworkActivityIndicatorManager.m in Sources */,
				F2618C3A1DF2C2DB00CB0605 /* NSData+ImageContentType.m in Sources */,
				F2618C311DF2C2DB00CB0605 /* FMDatabaseAdditions.m in Sources */,
				F21072261E6E617F00D7695D /* CMShowHUDManager.m in Sources */,
				F2618C361DF2C2DB00CB0605 /* MBProgressHUD.m in Sources */,
			);
			runOnlyForDeploymentPostprocessing = 0;
		};
/* End PBXSourcesBuildPhase section */

/* Begin PBXVariantGroup section */
		F2618B351DF2BA6500CB0605 /* Main.storyboard */ = {
			isa = PBXVariantGroup;
			children = (
				F2618B361DF2BA6500CB0605 /* Base */,
			);
			name = Main.storyboard;
			sourceTree = "<group>";
		};
		F2618B3A1DF2BA6500CB0605 /* LaunchScreen.storyboard */ = {
			isa = PBXVariantGroup;
			children = (
				F2618B3B1DF2BA6500CB0605 /* Base */,
			);
			name = LaunchScreen.storyboard;
			sourceTree = "<group>";
		};
/* End PBXVariantGroup section */

/* Begin XCBuildConfiguration section */
		F2618B3E1DF2BA6500CB0605 /* Debug */ = {
			isa = XCBuildConfiguration;
			buildSettings = {
				ALWAYS_SEARCH_USER_PATHS = NO;
				CLANG_ANALYZER_NONNULL = YES;
				CLANG_CXX_LANGUAGE_STANDARD = "gnu++0x";
				CLANG_CXX_LIBRARY = "libc++";
				CLANG_ENABLE_MODULES = YES;
				CLANG_ENABLE_OBJC_ARC = YES;
				CLANG_WARN_BLOCK_CAPTURE_AUTORELEASING = YES;
				CLANG_WARN_BOOL_CONVERSION = YES;
				CLANG_WARN_COMMA = YES;
				CLANG_WARN_CONSTANT_CONVERSION = YES;
				CLANG_WARN_DEPRECATED_OBJC_IMPLEMENTATIONS = YES;
				CLANG_WARN_DIRECT_OBJC_ISA_USAGE = YES_ERROR;
				CLANG_WARN_DOCUMENTATION_COMMENTS = YES;
				CLANG_WARN_EMPTY_BODY = YES;
				CLANG_WARN_ENUM_CONVERSION = YES;
				CLANG_WARN_INFINITE_RECURSION = YES;
				CLANG_WARN_INT_CONVERSION = YES;
				CLANG_WARN_NON_LITERAL_NULL_CONVERSION = YES;
				CLANG_WARN_OBJC_IMPLICIT_RETAIN_SELF = YES;
				CLANG_WARN_OBJC_LITERAL_CONVERSION = YES;
				CLANG_WARN_OBJC_ROOT_CLASS = YES_ERROR;
				CLANG_WARN_RANGE_LOOP_ANALYSIS = YES;
				CLANG_WARN_STRICT_PROTOTYPES = YES;
				CLANG_WARN_SUSPICIOUS_MOVE = YES;
				CLANG_WARN_SUSPICIOUS_MOVES = YES;
				CLANG_WARN_UNREACHABLE_CODE = YES;
				CLANG_WARN__DUPLICATE_METHOD_MATCH = YES;
				"CODE_SIGN_IDENTITY[sdk=iphoneos*]" = "iPhone Developer";
				COPY_PHASE_STRIP = NO;
				DEBUG_INFORMATION_FORMAT = dwarf;
				ENABLE_STRICT_OBJC_MSGSEND = YES;
				ENABLE_TESTABILITY = YES;
				GCC_C_LANGUAGE_STANDARD = gnu99;
				GCC_DYNAMIC_NO_PIC = NO;
				GCC_NO_COMMON_BLOCKS = YES;
				GCC_OPTIMIZATION_LEVEL = 0;
				GCC_PREPROCESSOR_DEFINITIONS = (
					"DEBUG=1",
					"$(inherited)",
				);
				GCC_WARN_64_TO_32_BIT_CONVERSION = YES;
				GCC_WARN_ABOUT_RETURN_TYPE = YES_ERROR;
				GCC_WARN_UNDECLARED_SELECTOR = YES;
				GCC_WARN_UNINITIALIZED_AUTOS = YES_AGGRESSIVE;
				GCC_WARN_UNUSED_FUNCTION = YES;
				GCC_WARN_UNUSED_VARIABLE = YES;
				IPHONEOS_DEPLOYMENT_TARGET = 8.0;
				MTL_ENABLE_DEBUG_INFO = YES;
				ONLY_ACTIVE_ARCH = YES;
				SDKROOT = iphoneos;
				TARGETED_DEVICE_FAMILY = "1,2";
			};
			name = Debug;
		};
		F2618B3F1DF2BA6500CB0605 /* Release */ = {
			isa = XCBuildConfiguration;
			buildSettings = {
				ALWAYS_SEARCH_USER_PATHS = NO;
				CLANG_ANALYZER_NONNULL = YES;
				CLANG_CXX_LANGUAGE_STANDARD = "gnu++0x";
				CLANG_CXX_LIBRARY = "libc++";
				CLANG_ENABLE_MODULES = YES;
				CLANG_ENABLE_OBJC_ARC = YES;
				CLANG_WARN_BLOCK_CAPTURE_AUTORELEASING = YES;
				CLANG_WARN_BOOL_CONVERSION = YES;
				CLANG_WARN_COMMA = YES;
				CLANG_WARN_CONSTANT_CONVERSION = YES;
				CLANG_WARN_DEPRECATED_OBJC_IMPLEMENTATIONS = YES;
				CLANG_WARN_DIRECT_OBJC_ISA_USAGE = YES_ERROR;
				CLANG_WARN_DOCUMENTATION_COMMENTS = YES;
				CLANG_WARN_EMPTY_BODY = YES;
				CLANG_WARN_ENUM_CONVERSION = YES;
				CLANG_WARN_INFINITE_RECURSION = YES;
				CLANG_WARN_INT_CONVERSION = YES;
				CLANG_WARN_NON_LITERAL_NULL_CONVERSION = YES;
				CLANG_WARN_OBJC_IMPLICIT_RETAIN_SELF = YES;
				CLANG_WARN_OBJC_LITERAL_CONVERSION = YES;
				CLANG_WARN_OBJC_ROOT_CLASS = YES_ERROR;
				CLANG_WARN_RANGE_LOOP_ANALYSIS = YES;
				CLANG_WARN_STRICT_PROTOTYPES = YES;
				CLANG_WARN_SUSPICIOUS_MOVE = YES;
				CLANG_WARN_SUSPICIOUS_MOVES = YES;
				CLANG_WARN_UNREACHABLE_CODE = YES;
				CLANG_WARN__DUPLICATE_METHOD_MATCH = YES;
				"CODE_SIGN_IDENTITY[sdk=iphoneos*]" = "iPhone Developer";
				COPY_PHASE_STRIP = NO;
				DEBUG_INFORMATION_FORMAT = "dwarf-with-dsym";
				ENABLE_NS_ASSERTIONS = NO;
				ENABLE_STRICT_OBJC_MSGSEND = YES;
				GCC_C_LANGUAGE_STANDARD = gnu99;
				GCC_NO_COMMON_BLOCKS = YES;
				GCC_WARN_64_TO_32_BIT_CONVERSION = YES;
				GCC_WARN_ABOUT_RETURN_TYPE = YES_ERROR;
				GCC_WARN_UNDECLARED_SELECTOR = YES;
				GCC_WARN_UNINITIALIZED_AUTOS = YES_AGGRESSIVE;
				GCC_WARN_UNUSED_FUNCTION = YES;
				GCC_WARN_UNUSED_VARIABLE = YES;
				IPHONEOS_DEPLOYMENT_TARGET = 8.0;
				MTL_ENABLE_DEBUG_INFO = NO;
				SDKROOT = iphoneos;
				TARGETED_DEVICE_FAMILY = "1,2";
				VALIDATE_PRODUCT = YES;
			};
			name = Release;
		};
		F2618B411DF2BA6500CB0605 /* Debug */ = {
			isa = XCBuildConfiguration;
			buildSettings = {
				ASSETCATALOG_COMPILER_APPICON_NAME = AppIcon;
				DEVELOPMENT_TEAM = 6EW99E5PRN;
				FRAMEWORK_SEARCH_PATHS = (
					"$(inherited)",
					"$(PROJECT_DIR)/ComponentManager/ThirdLibrary/UMSocial/UMSocialSDK",
					"$(PROJECT_DIR)/ComponentManager/ThirdLibrary/UMSocial/UMSocialUI",
				);
				INFOPLIST_FILE = ComponentManager/Info.plist;
				IPHONEOS_DEPLOYMENT_TARGET = 8.0;
				LD_RUNPATH_SEARCH_PATHS = "$(inherited) @executable_path/Frameworks";
				LIBRARY_SEARCH_PATHS = (
					"$(inherited)",
					"$(PROJECT_DIR)/ComponentManager/ThirdLibrary/UMSocial/SocialLibraries/QQ",
					"$(PROJECT_DIR)/ComponentManager/ThirdLibrary/UMSocial/SocialLibraries/Sina",
					"$(PROJECT_DIR)/ComponentManager/ThirdLibrary/UMSocial/SocialLibraries/WeChat",
					"$(PROJECT_DIR)/ComponentManager/ThirdLibrary/UMSocial/SocialLibraries/WeChat/WechatSDK",
					"$(PROJECT_DIR)/ComponentManager/ThirdLibrary/UMSocial/UMSocialSDKPlugin",
				);
				PRODUCT_BUNDLE_IDENTIFIER = "com.new-life.ComponentManager";
				PRODUCT_NAME = "$(TARGET_NAME)";
			};
			name = Debug;
		};
		F2618B421DF2BA6500CB0605 /* Release */ = {
			isa = XCBuildConfiguration;
			buildSettings = {
				ASSETCATALOG_COMPILER_APPICON_NAME = AppIcon;
				DEVELOPMENT_TEAM = 6EW99E5PRN;
				FRAMEWORK_SEARCH_PATHS = (
					"$(inherited)",
					"$(PROJECT_DIR)/ComponentManager/ThirdLibrary/UMSocial/UMSocialSDK",
					"$(PROJECT_DIR)/ComponentManager/ThirdLibrary/UMSocial/UMSocialUI",
				);
				INFOPLIST_FILE = ComponentManager/Info.plist;
				IPHONEOS_DEPLOYMENT_TARGET = 8.0;
				LD_RUNPATH_SEARCH_PATHS = "$(inherited) @executable_path/Frameworks";
				LIBRARY_SEARCH_PATHS = (
					"$(inherited)",
					"$(PROJECT_DIR)/ComponentManager/ThirdLibrary/UMSocial/SocialLibraries/QQ",
					"$(PROJECT_DIR)/ComponentManager/ThirdLibrary/UMSocial/SocialLibraries/Sina",
					"$(PROJECT_DIR)/ComponentManager/ThirdLibrary/UMSocial/SocialLibraries/WeChat",
					"$(PROJECT_DIR)/ComponentManager/ThirdLibrary/UMSocial/SocialLibraries/WeChat/WechatSDK",
					"$(PROJECT_DIR)/ComponentManager/ThirdLibrary/UMSocial/UMSocialSDKPlugin",
				);
				PRODUCT_BUNDLE_IDENTIFIER = "com.new-life.ComponentManager";
				PRODUCT_NAME = "$(TARGET_NAME)";
			};
			name = Release;
		};
/* End XCBuildConfiguration section */

/* Begin XCConfigurationList section */
		F2618B241DF2BA6500CB0605 /* Build configuration list for PBXProject "ComponentManager" */ = {
			isa = XCConfigurationList;
			buildConfigurations = (
				F2618B3E1DF2BA6500CB0605 /* Debug */,
				F2618B3F1DF2BA6500CB0605 /* Release */,
			);
			defaultConfigurationIsVisible = 0;
			defaultConfigurationName = Release;
		};
		F2618B401DF2BA6500CB0605 /* Build configuration list for PBXNativeTarget "ComponentManager" */ = {
			isa = XCConfigurationList;
			buildConfigurations = (
				F2618B411DF2BA6500CB0605 /* Debug */,
				F2618B421DF2BA6500CB0605 /* Release */,
			);
			defaultConfigurationIsVisible = 0;
			defaultConfigurationName = Release;
		};
/* End XCConfigurationList section */
	};
	rootObject = F2618B211DF2BA6500CB0605 /* Project object */;
}
